
Microsoft Visual Studio Solution File, Format Version 12.00
# Visual Studio 15
VisualStudioVersion = 15.0.28010.2026
MinimumVisualStudioVersion = 10.0.40219.1
Project("{FAE04EC0-301F-11D3-BF4B-00C04F79EFBC}") = "homework4", "homework4.csproj", "{583358CC-444A-4AA6-8609-A9A0CB3FAA7A}"
EndProject
Global
	GlobalSection(SolutionConfigurationPlatforms) = preSolution
		Debug|Any CPU = Debug|Any CPU
		Release|Any CPU = Release|Any CPU
	EndGlobalSection
	GlobalSection(ProjectConfigurationPlatforms) = postSolution
		{583358CC-444A-4AA6-8609-A9A0CB3FAA7A}.Debug|Any CPU.ActiveCfg = Debug|Any CPU
		{583358CC-444A-4AA6-8609-A9A0CB3FAA7A}.Debug|Any CPU.Build.0 = Debug|Any CPU
		{583358CC-444A-4AA6-8609-A9A0CB3FAA7A}.Release|Any CPU.ActiveCfg = Release|Any CPU
		{583358CC-444A-4AA6-8609-A9A0CB3FAA7A}.Release|Any CPU.Build.0 = Release|Any CPU
	EndGlobalSection
	GlobalSection(SolutionProperties) = preSolution
		HideSolutionNode = FALSE
	EndGlobalSection
	GlobalSection(ExtensibilityGlobals) = postSolution
		SolutionGuid = {D43BF266-EDA6-4AC0-BD03-F9A5CB69DF89}
	EndGlobalSection
EndGlobal
